
Microsoft Visual Studio Solution File, Format Version 12.00
# Visual Studio Version 17
VisualStudioVersion = 17.3.32929.385
MinimumVisualStudioVersion = 10.0.40219.1
Project("{FAE04EC0-301F-11D3-BF4B-00C04F79EFBC}") = "Minder.Api", "Minder.Api\Minder.Api.csproj", "{FE243E58-C83B-4B57-991B-C5D3C1C0A73B}"
EndProject
Project("{FAE04EC0-301F-11D3-BF4B-00C04F79EFBC}") = "Minder.Database", "Minder.Database\Minder.Database.csproj", "{9C7A9C3E-688D-4B51-8314-0E956AF7464D}"
EndProject
Project("{FAE04EC0-301F-11D3-BF4B-00C04F79EFBC}") = "Minder.Service", "Minder.Service\Minder.Service.csproj", "{4AD92891-5E50-448E-BD95-597E836A8843}"
EndProject
Global
	GlobalSection(SolutionConfigurationPlatforms) = preSolution
		Debug|Any CPU = Debug|Any CPU
		Release|Any CPU = Release|Any CPU
	EndGlobalSection
	GlobalSection(ProjectConfigurationPlatforms) = postSolution
		{FE243E58-C83B-4B57-991B-C5D3C1C0A73B}.Debug|Any CPU.ActiveCfg = Debug|Any CPU
		{FE243E58-C83B-4B57-991B-C5D3C1C0A73B}.Debug|Any CPU.Build.0 = Debug|Any CPU
		{FE243E58-C83B-4B57-991B-C5D3C1C0A73B}.Release|Any CPU.ActiveCfg = Release|Any CPU
		{FE243E58-C83B-4B57-991B-C5D3C1C0A73B}.Release|Any CPU.Build.0 = Release|Any CPU
		{9C7A9C3E-688D-4B51-8314-0E956AF7464D}.Debug|Any CPU.ActiveCfg = Debug|Any CPU
		{9C7A9C3E-688D-4B51-8314-0E956AF7464D}.Debug|Any CPU.Build.0 = Debug|Any CPU
		{9C7A9C3E-688D-4B51-8314-0E956AF7464D}.Release|Any CPU.ActiveCfg = Release|Any CPU
		{9C7A9C3E-688D-4B51-8314-0E956AF7464D}.Release|Any CPU.Build.0 = Release|Any CPU
		{4AD92891-5E50-448E-BD95-597E836A8843}.Debug|Any CPU.ActiveCfg = Debug|Any CPU
		{4AD92891-5E50-448E-BD95-597E836A8843}.Debug|Any CPU.Build.0 = Debug|Any CPU
		{4AD92891-5E50-448E-BD95-597E836A8843}.Release|Any CPU.ActiveCfg = Release|Any CPU
		{4AD92891-5E50-448E-BD95-597E836A8843}.Release|Any CPU.Build.0 = Release|Any CPU
	EndGlobalSection
	GlobalSection(SolutionProperties) = preSolution
		HideSolutionNode = FALSE
	EndGlobalSection
	GlobalSection(ExtensibilityGlobals) = postSolution
		SolutionGuid = {7C030CE7-7D20-4F88-BCBA-06142C7C8365}
	EndGlobalSection
EndGlobal
